
Microsoft Visual Studio Solution File, Format Version 12.00
# Visual Studio Version 16
VisualStudioVersion = 16.0.30225.117
MinimumVisualStudioVersion = 10.0.40219.1
Project("{9A19103F-16F7-4668-BE54-9A1E7A4F7556}") = "OcspResponder", "OcspResponder\OcspResponder.csproj", "{91C46517-1893-4EBB-89AA-541EDB6A106D}"
EndProject
Global
	GlobalSection(SolutionConfigurationPlatforms) = preSolution
		Debug|Any CPU = Debug|Any CPU
		Release|Any CPU = Release|Any CPU
	EndGlobalSection
	GlobalSection(ProjectConfigurationPlatforms) = postSolution
		{91C46517-1893-4EBB-89AA-541EDB6A106D}.Debug|Any CPU.ActiveCfg = Debug|x64
		{91C46517-1893-4EBB-89AA-541EDB6A106D}.Debug|Any CPU.Build.0 = Debug|x64
		{91C46517-1893-4EBB-89AA-541EDB6A106D}.Release|Any CPU.ActiveCfg = Release|x64
		{91C46517-1893-4EBB-89AA-541EDB6A106D}.Release|Any CPU.Build.0 = Release|x64
	EndGlobalSection
	GlobalSection(SolutionProperties) = preSolution
		HideSolutionNode = FALSE
	EndGlobalSection
	GlobalSection(ExtensibilityGlobals) = postSolution
		SolutionGuid = {DB031C04-95FD-45E8-8691-DF4FBFF5A9A7}
	EndGlobalSection
EndGlobal
